
Microsoft Visual Studio Solution File, Format Version 12.00
# Visual Studio Version 17
VisualStudioVersion = 17.14.36930.0
MinimumVisualStudioVersion = 10.0.40219.1
Project("{FAE04EC0-301F-11D3-BF4B-00C04F79EFBC}") = "VisitasTickets.API", "VisitasTickets\VisitasTickets.API.csproj", "{06F8F560-B846-4020-9208-FA42B1B98A0E}"
EndProject
Project("{FAE04EC0-301F-11D3-BF4B-00C04F79EFBC}") = "VisitasTickets.Domain", "VisitasTickets.Domain\VisitasTickets.Domain.csproj", "{1EC3F100-ECA7-432B-AC15-0412BF669D0C}"
EndProject
Project("{FAE04EC0-301F-11D3-BF4B-00C04F79EFBC}") = "VisitasTickets.Application", "VisitasTickets.Application\VisitasTickets.Application.csproj", "{32E0B40A-470E-492F-8CE9-69BB52A4D941}"
EndProject
Project("{FAE04EC0-301F-11D3-BF4B-00C04F79EFBC}") = "VisitasTickets.Infrastructure", "VisitasTickets.Infrastructure\VisitasTickets.Infrastructure.csproj", "{644D1FF9-912B-4414-AE53-C4AF178BA1A0}"
EndProject
Project("{FAE04EC0-301F-11D3-BF4B-00C04F79EFBC}") = "VisitasTickets.Client", "VisitasTickets.Client\VisitasTickets.Client.csproj", "{698338C4-6C98-45F5-B32C-7614E9CDF472}"
EndProject
Global
	GlobalSection(SolutionConfigurationPlatforms) = preSolution
		Debug|Any CPU = Debug|Any CPU
		Release|Any CPU = Release|Any CPU
	EndGlobalSection
	GlobalSection(ProjectConfigurationPlatforms) = postSolution
		{06F8F560-B846-4020-9208-FA42B1B98A0E}.Debug|Any CPU.ActiveCfg = Debug|Any CPU
		{06F8F560-B846-4020-9208-FA42B1B98A0E}.Debug|Any CPU.Build.0 = Debug|Any CPU
		{06F8F560-B846-4020-9208-FA42B1B98A0E}.Release|Any CPU.ActiveCfg = Release|Any CPU
		{06F8F560-B846-4020-9208-FA42B1B98A0E}.Release|Any CPU.Build.0 = Release|Any CPU
		{1EC3F100-ECA7-432B-AC15-0412BF669D0C}.Debug|Any CPU.ActiveCfg = Debug|Any CPU
		{1EC3F100-ECA7-432B-AC15-0412BF669D0C}.Debug|Any CPU.Build.0 = Debug|Any CPU
		{1EC3F100-ECA7-432B-AC15-0412BF669D0C}.Release|Any CPU.ActiveCfg = Release|Any CPU
		{1EC3F100-ECA7-432B-AC15-0412BF669D0C}.Release|Any CPU.Build.0 = Release|Any CPU
		{32E0B40A-470E-492F-8CE9-69BB52A4D941}.Debug|Any CPU.ActiveCfg = Debug|Any CPU
		{32E0B40A-470E-492F-8CE9-69BB52A4D941}.Debug|Any CPU.Build.0 = Debug|Any CPU
		{32E0B40A-470E-492F-8CE9-69BB52A4D941}.Release|Any CPU.ActiveCfg = Release|Any CPU
		{32E0B40A-470E-492F-8CE9-69BB52A4D941}.Release|Any CPU.Build.0 = Release|Any CPU
		{644D1FF9-912B-4414-AE53-C4AF178BA1A0}.Debug|Any CPU.ActiveCfg = Debug|Any CPU
		{644D1FF9-912B-4414-AE53-C4AF178BA1A0}.Debug|Any CPU.Build.0 = Debug|Any CPU
		{644D1FF9-912B-4414-AE53-C4AF178BA1A0}.Release|Any CPU.ActiveCfg = Release|Any CPU
		{644D1FF9-912B-4414-AE53-C4AF178BA1A0}.Release|Any CPU.Build.0 = Release|Any CPU
		{698338C4-6C98-45F5-B32C-7614E9CDF472}.Debug|Any CPU.ActiveCfg = Debug|Any CPU
		{698338C4-6C98-45F5-B32C-7614E9CDF472}.Debug|Any CPU.Build.0 = Debug|Any CPU
		{698338C4-6C98-45F5-B32C-7614E9CDF472}.Release|Any CPU.ActiveCfg = Release|Any CPU
		{698338C4-6C98-45F5-B32C-7614E9CDF472}.Release|Any CPU.Build.0 = Release|Any CPU
	EndGlobalSection
	GlobalSection(SolutionProperties) = preSolution
		HideSolutionNode = FALSE
	EndGlobalSection
	GlobalSection(ExtensibilityGlobals) = postSolution
		SolutionGuid = {FBF28A84-A4DF-4500-A647-2148FDE1DD36}
	EndGlobalSection
EndGlobal
